
Microsoft Visual Studio Solution File, Format Version 12.00
# Visual Studio Version 17
VisualStudioVersion = 17.2.32616.157
MinimumVisualStudioVersion = 10.0.40219.1
Project("{FAE04EC0-301F-11D3-BF4B-00C04F79EFBC}") = "TpTiendaDeElectronica", "TpTiendaDeElectronica\TpTiendaDeElectronica.csproj", "{8341C371-5973-4D79-979F-9000B932AE80}"
EndProject
Project("{FAE04EC0-301F-11D3-BF4B-00C04F79EFBC}") = "Vistas", "Vistas\Vistas.csproj", "{28232998-684D-4A94-8B98-FA21D2EAEE11}"
EndProject
Project("{FAE04EC0-301F-11D3-BF4B-00C04F79EFBC}") = "Entidades", "Entidades\Entidades.csproj", "{7E3A2D72-0C87-47BF-9293-1AD2EF73905C}"
EndProject
Global
	GlobalSection(SolutionConfigurationPlatforms) = preSolution
		Debug|Any CPU = Debug|Any CPU
		Release|Any CPU = Release|Any CPU
	EndGlobalSection
	GlobalSection(ProjectConfigurationPlatforms) = postSolution
		{8341C371-5973-4D79-979F-9000B932AE80}.Debug|Any CPU.ActiveCfg = Debug|Any CPU
		{8341C371-5973-4D79-979F-9000B932AE80}.Debug|Any CPU.Build.0 = Debug|Any CPU
		{8341C371-5973-4D79-979F-9000B932AE80}.Release|Any CPU.ActiveCfg = Release|Any CPU
		{8341C371-5973-4D79-979F-9000B932AE80}.Release|Any CPU.Build.0 = Release|Any CPU
		{28232998-684D-4A94-8B98-FA21D2EAEE11}.Debug|Any CPU.ActiveCfg = Debug|Any CPU
		{28232998-684D-4A94-8B98-FA21D2EAEE11}.Debug|Any CPU.Build.0 = Debug|Any CPU
		{28232998-684D-4A94-8B98-FA21D2EAEE11}.Release|Any CPU.ActiveCfg = Release|Any CPU
		{28232998-684D-4A94-8B98-FA21D2EAEE11}.Release|Any CPU.Build.0 = Release|Any CPU
		{7E3A2D72-0C87-47BF-9293-1AD2EF73905C}.Debug|Any CPU.ActiveCfg = Debug|Any CPU
		{7E3A2D72-0C87-47BF-9293-1AD2EF73905C}.Debug|Any CPU.Build.0 = Debug|Any CPU
		{7E3A2D72-0C87-47BF-9293-1AD2EF73905C}.Release|Any CPU.ActiveCfg = Release|Any CPU
		{7E3A2D72-0C87-47BF-9293-1AD2EF73905C}.Release|Any CPU.Build.0 = Release|Any CPU
	EndGlobalSection
	GlobalSection(SolutionProperties) = preSolution
		HideSolutionNode = FALSE
	EndGlobalSection
	GlobalSection(ExtensibilityGlobals) = postSolution
		SolutionGuid = {E90B40DC-6AE4-4908-BDBD-DC75C3450084}
	EndGlobalSection
EndGlobal
